// !$*UTF8*$!
{
	archiveVersion = 1;
	classes = {
	};
	objectVersion = 46;
	objects = {

/* Begin PBXBuildFile section */
		04C7ABDF1E5C453500A9CB7C /* HomeCollectionReusableView.m in Sources */ = {isa = PBXBuildFile; fileRef = 04C7ABDE1E5C453500A9CB7C /* HomeCollectionReusableView.m */; };
		04C7ABE41E5D6C8900A9CB7C /* HomeSectionModel.m in Sources */ = {isa = PBXBuildFile; fileRef = 04C7ABE31E5D6C8900A9CB7C /* HomeSectionModel.m */; };
		04C7ABE71E5D6F5300A9CB7C /* HomeCellModel.m in Sources */ = {isa = PBXBuildFile; fileRef = 04C7ABE61E5D6F5300A9CB7C /* HomeCellModel.m */; };
		04EE3C431E5700AB00D16330 /* TitleView.m in Sources */ = {isa = PBXBuildFile; fileRef = 04EE3C421E5700AB00D16330 /* TitleView.m */; };
		1F04D4711D961786007A8534 /* BaseTabBarController.m in Sources */ = {isa = PBXBuildFile; fileRef = 1F04D4701D961786007A8534 /* BaseTabBarController.m */; };
		1F04D4771D96182C007A8534 /* BaseNavigationController.m in Sources */ = {isa = PBXBuildFile; fileRef = 1F04D4761D96182C007A8534 /* BaseNavigationController.m */; };
		1F04D4A21D961A72007A8534 /* FollowViewController.m in Sources */ = {isa = PBXBuildFile; fileRef = 1F04D48F1D961A72007A8534 /* FollowViewController.m */; };
		1F04D4A31D961A72007A8534 /* HomeViewController.m in Sources */ = {isa = PBXBuildFile; fileRef = 1F04D4951D961A72007A8534 /* HomeViewController.m */; };
		1F04D4A41D961A72007A8534 /* ZoneViewController.m in Sources */ = {isa = PBXBuildFile; fileRef = 1F04D49F1D961A72007A8534 /* ZoneViewController.m */; };
		1F04D4A71D961AA0007A8534 /* FindViewController.m in Sources */ = {isa = PBXBuildFile; fileRef = 1F04D4A61D961AA0007A8534 /* FindViewController.m */; };
		1F04D4AA1D961AAE007A8534 /* MineViewController.m in Sources */ = {isa = PBXBuildFile; fileRef = 1F04D4A91D961AAE007A8534 /* MineViewController.m */; };
		1F1D2A4D1DC5A80C007983EA /* ThemeTableViewController.m in Sources */ = {isa = PBXBuildFile; fileRef = 1F1D2A4C1DC5A80C007983EA /* ThemeTableViewController.m */; };
		1F1EF6A01DBE3851008EBA9F /* MineCollectionViewCell.m in Sources */ = {isa = PBXBuildFile; fileRef = 1F1EF69F1DBE3851008EBA9F /* MineCollectionViewCell.m */; };
		1F1EF6A31DBE3879008EBA9F /* MineModel.m in Sources */ = {isa = PBXBuildFile; fileRef = 1F1EF6A21DBE3879008EBA9F /* MineModel.m */; };
		1F20322F1D9609C900BB666C /* 0_启动页.jpg in Resources */ = {isa = PBXBuildFile; fileRef = 1F20320A1D9609C900BB666C /* 0_启动页.jpg */; };
		1F2032301D9609C900BB666C /* 1_首页-推荐.png in Resources */ = {isa = PBXBuildFile; fileRef = 1F20320B1D9609C900BB666C /* 1_首页-推荐.png */; };
		1F2032311D9609C900BB666C /* 1_首页-番剧.png in Resources */ = {isa = PBXBuildFile; fileRef = 1F20320C1D9609C900BB666C /* 1_首页-番剧.png */; };
		1F2032321D9609C900BB666C /* 1_首页-直播.png in Resources */ = {isa = PBXBuildFile; fileRef = 1F20320D1D9609C900BB666C /* 1_首页-直播.png */; };
		1F2032331D9609C900BB666C /* 1_首页_推荐1.jpg in Resources */ = {isa = PBXBuildFile; fileRef = 1F20320E1D9609C900BB666C /* 1_首页_推荐1.jpg */; };
		1F2032341D9609C900BB666C /* 2_分区.png in Resources */ = {isa = PBXBuildFile; fileRef = 1F20320F1D9609C900BB666C /* 2_分区.png */; };
		1F2032351D9609C900BB666C /* 4_发现.PNG in Resources */ = {isa = PBXBuildFile; fileRef = 1F2032101D9609C900BB666C /* 4_发现.PNG */; };
		1F2032361D9609C900BB666C /* 4_排行榜.jpg in Resources */ = {isa = PBXBuildFile; fileRef = 1F2032111D9609C900BB666C /* 4_排行榜.jpg */; };
		1F2032371D9609C900BB666C /* 4_搜索.png in Resources */ = {isa = PBXBuildFile; fileRef = 1F2032121D9609C900BB666C /* 4_搜索.png */; };
		1F2032381D9609C900BB666C /* 5_下载.jpg in Resources */ = {isa = PBXBuildFile; fileRef = 1F2032131D9609C900BB666C /* 5_下载.jpg */; };
		1F2032391D9609C900BB666C /* 5_下载信息1.PNG in Resources */ = {isa = PBXBuildFile; fileRef = 1F2032141D9609C900BB666C /* 5_下载信息1.PNG */; };
		1F20323A1D9609C900BB666C /* 5_下载信息2.PNG in Resources */ = {isa = PBXBuildFile; fileRef = 1F2032151D9609C900BB666C /* 5_下载信息2.PNG */; };
		1F20323B1D9609C900BB666C /* 5_历史记录.png in Resources */ = {isa = PBXBuildFile; fileRef = 1F2032161D9609C900BB666C /* 5_历史记录.png */; };
		1F20323C1D9609C900BB666C /* 5_我的.png in Resources */ = {isa = PBXBuildFile; fileRef = 1F2032171D9609C900BB666C /* 5_我的.png */; };
		1F20323D1D9609C900BB666C /* 6_视频信息-评论.png in Resources */ = {isa = PBXBuildFile; fileRef = 1F2032181D9609C900BB666C /* 6_视频信息-评论.png */; };
		1F20323E1D9609C900BB666C /* 6_视频信息.png in Resources */ = {isa = PBXBuildFile; fileRef = 1F2032191D9609C900BB666C /* 6_视频信息.png */; };
		1F20323F1D9609C900BB666C /* 6_视频信息1.jpg in Resources */ = {isa = PBXBuildFile; fileRef = 1F20321A1D9609C900BB666C /* 6_视频信息1.jpg */; };
		1F2032401D9609C900BB666C /* 6_视频信息2.jpg in Resources */ = {isa = PBXBuildFile; fileRef = 1F20321B1D9609C900BB666C /* 6_视频信息2.jpg */; };
		1F2032411D9609C900BB666C /* 6_视频信息3.jpg in Resources */ = {isa = PBXBuildFile; fileRef = 1F20321C1D9609C900BB666C /* 6_视频信息3.jpg */; };
		1F2032421D9609C900BB666C /* 6_视频信息_下载.jpg in Resources */ = {isa = PBXBuildFile; fileRef = 1F20321D1D9609C900BB666C /* 6_视频信息_下载.jpg */; };
		1F2032431D9609C900BB666C /* 7_普通视频播放-弹幕.jpg in Resources */ = {isa = PBXBuildFile; fileRef = 1F20321E1D9609C900BB666C /* 7_普通视频播放-弹幕.jpg */; };
		1F2032441D9609C900BB666C /* 7_普通视频播放.png in Resources */ = {isa = PBXBuildFile; fileRef = 1F20321F1D9609C900BB666C /* 7_普通视频播放.png */; };
		1F2032451D9609C900BB666C /* 7_直播视频播放.jpg in Resources */ = {isa = PBXBuildFile; fileRef = 1F2032201D9609C900BB666C /* 7_直播视频播放.jpg */; };
		1F2032461D9609C900BB666C /* 7_直播视频播放2.jpg in Resources */ = {isa = PBXBuildFile; fileRef = 1F2032211D9609C900BB666C /* 7_直播视频播放2.jpg */; };
		1F2032471D9609C900BB666C /* 8_网页.jpg in Resources */ = {isa = PBXBuildFile; fileRef = 1F2032221D9609C900BB666C /* 8_网页.jpg */; };
		1F2032481D9609C900BB666C /* 8_网页_番剧.jpg in Resources */ = {isa = PBXBuildFile; fileRef = 1F2032231D9609C900BB666C /* 8_网页_番剧.jpg */; };
		1F2032491D9609C900BB666C /* IMG_1648.PNG in Resources */ = {isa = PBXBuildFile; fileRef = 1F2032241D9609C900BB666C /* IMG_1648.PNG */; };
		1F20324A1D9609C900BB666C /* IMG_1649.PNG in Resources */ = {isa = PBXBuildFile; fileRef = 1F2032251D9609C900BB666C /* IMG_1649.PNG */; };
		1F20324B1D9609C900BB666C /* IMG_1650.PNG in Resources */ = {isa = PBXBuildFile; fileRef = 1F2032261D9609C900BB666C /* IMG_1650.PNG */; };
		1F20324C1D9609C900BB666C /* IMG_1651.PNG in Resources */ = {isa = PBXBuildFile; fileRef = 1F2032271D9609C900BB666C /* IMG_1651.PNG */; };
		1F20324D1D9609C900BB666C /* IMG_1652.PNG in Resources */ = {isa = PBXBuildFile; fileRef = 1F2032281D9609C900BB666C /* IMG_1652.PNG */; };
		1F20324E1D9609C900BB666C /* IMG_1653.PNG in Resources */ = {isa = PBXBuildFile; fileRef = 1F2032291D9609C900BB666C /* IMG_1653.PNG */; };
		1F20324F1D9609C900BB666C /* IMG_1654.PNG in Resources */ = {isa = PBXBuildFile; fileRef = 1F20322A1D9609C900BB666C /* IMG_1654.PNG */; };
		1F2032501D9609C900BB666C /* IMG_1655.PNG in Resources */ = {isa = PBXBuildFile; fileRef = 1F20322B1D9609C900BB666C /* IMG_1655.PNG */; };
		1F2032511D9609C900BB666C /* IMG_1656.PNG in Resources */ = {isa = PBXBuildFile; fileRef = 1F20322C1D9609C900BB666C /* IMG_1656.PNG */; };
		1F2032521D9609C900BB666C /* IMG_1657.PNG in Resources */ = {isa = PBXBuildFile; fileRef = 1F20322D1D9609C900BB666C /* IMG_1657.PNG */; };
		1F2032531D9609C900BB666C /* IMG_1658.PNG in Resources */ = {isa = PBXBuildFile; fileRef = 1F20322E1D9609C900BB666C /* IMG_1658.PNG */; };
		1F5B37C61DB90A29004588B1 /* StartView.m in Sources */ = {isa = PBXBuildFile; fileRef = 1FFA86E21D978E89006F83C3 /* StartView.m */; };
		1FC91A831E5C91F800003176 /* NSData+SDDataCache.m in Sources */ = {isa = PBXBuildFile; fileRef = 1FC91A731E5C91F800003176 /* NSData+SDDataCache.m */; };
		1FC91A841E5C91F800003176 /* TAAbstractDotView.m in Sources */ = {isa = PBXBuildFile; fileRef = 1FC91A761E5C91F800003176 /* TAAbstractDotView.m */; };
		1FC91A851E5C91F800003176 /* TAAnimatedDotView.m in Sources */ = {isa = PBXBuildFile; fileRef = 1FC91A781E5C91F800003176 /* TAAnimatedDotView.m */; };
		1FC91A861E5C91F800003176 /* TADotView.m in Sources */ = {isa = PBXBuildFile; fileRef = 1FC91A7A1E5C91F800003176 /* TADotView.m */; };
		1FC91A871E5C91F800003176 /* TAPageControl.m in Sources */ = {isa = PBXBuildFile; fileRef = 1FC91A7C1E5C91F800003176 /* TAPageControl.m */; };
		1FC91A881E5C91F800003176 /* SDCollectionViewCell.m in Sources */ = {isa = PBXBuildFile; fileRef = 1FC91A7E1E5C91F800003176 /* SDCollectionViewCell.m */; };
		1FC91A891E5C91F800003176 /* SDCycleScrollView.m in Sources */ = {isa = PBXBuildFile; fileRef = 1FC91A801E5C91F800003176 /* SDCycleScrollView.m */; };
		1FC91A8A1E5C91F800003176 /* UIView+SDExtension.m in Sources */ = {isa = PBXBuildFile; fileRef = 1FC91A821E5C91F800003176 /* UIView+SDExtension.m */; };
		1FC91A8D1E5DC99200003176 /* HomeCollectionViewCell.m in Sources */ = {isa = PBXBuildFile; fileRef = 1FC91A8C1E5DC99200003176 /* HomeCollectionViewCell.m */; };
		1FDD12151D8A4C81008F3E44 /* main.m in Sources */ = {isa = PBXBuildFile; fileRef = 1FDD12141D8A4C81008F3E44 /* main.m */; };
		1FDD12181D8A4C81008F3E44 /* AppDelegate.m in Sources */ = {isa = PBXBuildFile; fileRef = 1FDD12171D8A4C81008F3E44 /* AppDelegate.m */; };
		1FDD121E1D8A4C81008F3E44 /* Main.storyboard in Resources */ = {isa = PBXBuildFile; fileRef = 1FDD121C1D8A4C81008F3E44 /* Main.storyboard */; };
		1FDD12201D8A4C81008F3E44 /* Assets.xcassets in Resources */ = {isa = PBXBuildFile; fileRef = 1FDD121F1D8A4C81008F3E44 /* Assets.xcassets */; };
		1FDD12231D8A4C81008F3E44 /* LaunchScreen.storyboard in Resources */ = {isa = PBXBuildFile; fileRef = 1FDD12211D8A4C81008F3E44 /* LaunchScreen.storyboard */; };
		1FDD122E1D8A4C81008F3E44 /* MyBilibiliTests.m in Sources */ = {isa = PBXBuildFile; fileRef = 1FDD122D1D8A4C81008F3E44 /* MyBilibiliTests.m */; };
		1FDD12391D8A4C81008F3E44 /* MyBilibiliUITests.m in Sources */ = {isa = PBXBuildFile; fileRef = 1FDD12381D8A4C81008F3E44 /* MyBilibiliUITests.m */; };
		1FDD125D1D8A6E8F008F3E44 /* File in Resources */ = {isa = PBXBuildFile; fileRef = 1FDD125C1D8A6E8F008F3E44 /* File */; };
		1FDD125F1D8BA6F5008F3E44 /* 接口整理.md in Sources */ = {isa = PBXBuildFile; fileRef = 1FDD125E1D8BA6F5008F3E44 /* 接口整理.md */; };
		1FFF5ACD1E50121F00FD3ADE /* UINavigationBar+CustomStyle.m in Sources */ = {isa = PBXBuildFile; fileRef = 1F37DF261DBB13CA0056DEAC /* UINavigationBar+CustomStyle.m */; };
		29F769A640A2FDC7D9D04CF5 /* libPods-MyBilibili.a in Frameworks */ = {isa = PBXBuildFile; fileRef = 4030C57D5CB50EED76130514 /* libPods-MyBilibili.a */; };
/* End PBXBuildFile section */

/* Begin PBXContainerItemProxy section */
		1FDD122A1D8A4C81008F3E44 /* PBXContainerItemProxy */ = {
			isa = PBXContainerItemProxy;
			containerPortal = 1FDD12081D8A4C80008F3E44 /* Project object */;
			proxyType = 1;
			remoteGlobalIDString = 1FDD120F1D8A4C80008F3E44;
			remoteInfo = MyBilibili;
		};
		1FDD12351D8A4C81008F3E44 /* PBXContainerItemProxy */ = {
			isa = PBXContainerItemProxy;
			containerPortal = 1FDD12081D8A4C80008F3E44 /* Project object */;
			proxyType = 1;
			remoteGlobalIDString = 1FDD120F1D8A4C80008F3E44;
			remoteInfo = MyBilibili;
		};
/* End PBXContainerItemProxy section */

/* Begin PBXFileReference section */
		04C7ABDD1E5C453500A9CB7C /* HomeCollectionReusableView.h */ = {isa = PBXFileReference; fileEncoding = 4; lastKnownFileType = sourcecode.c.h; path = HomeCollectionReusableView.h; sourceTree = "<group>"; };
		04C7ABDE1E5C453500A9CB7C /* HomeCollectionReusableView.m */ = {isa = PBXFileReference; fileEncoding = 4; lastKnownFileType = sourcecode.c.objc; path = HomeCollectionReusableView.m; sourceTree = "<group>"; };
		04C7ABE21E5D6C8900A9CB7C /* HomeSectionModel.h */ = {isa = PBXFileReference; fileEncoding = 4; lastKnownFileType = sourcecode.c.h; path = HomeSectionModel.h; sourceTree = "<group>"; };
		04C7ABE31E5D6C8900A9CB7C /* HomeSectionModel.m */ = {isa = PBXFileReference; fileEncoding = 4; lastKnownFileType = sourcecode.c.objc; path = HomeSectionModel.m; sourceTree = "<group>"; };
		04C7ABE51E5D6F5300A9CB7C /* HomeCellModel.h */ = {isa = PBXFileReference; fileEncoding = 4; lastKnownFileType = sourcecode.c.h; path = HomeCellModel.h; sourceTree = "<group>"; };
		04C7ABE61E5D6F5300A9CB7C /* HomeCellModel.m */ = {isa = PBXFileReference; fileEncoding = 4; lastKnownFileType = sourcecode.c.objc; path = HomeCellModel.m; sourceTree = "<group>"; };
		04EE3C411E5700AB00D16330 /* TitleView.h */ = {isa = PBXFileReference; fileEncoding = 4; lastKnownFileType = sourcecode.c.h; path = TitleView.h; sourceTree = "<group>"; };
		04EE3C421E5700AB00D16330 /* TitleView.m */ = {isa = PBXFileReference; fileEncoding = 4; lastKnownFileType = sourcecode.c.objc; path = TitleView.m; sourceTree = "<group>"; };
		1F04D46F1D961786007A8534 /* BaseTabBarController.h */ = {isa = PBXFileReference; fileEncoding = 4; lastKnownFileType = sourcecode.c.h; path = BaseTabBarController.h; sourceTree = "<group>"; };
		1F04D4701D961786007A8534 /* BaseTabBarController.m */ = {isa = PBXFileReference; fileEncoding = 4; lastKnownFileType = sourcecode.c.objc; path = BaseTabBarController.m; sourceTree = "<group>"; };
		1F04D4751D96182C007A8534 /* BaseNavigationController.h */ = {isa = PBXFileReference; fileEncoding = 4; lastKnownFileType = sourcecode.c.h; path = BaseNavigationController.h; sourceTree = "<group>"; };
		1F04D4761D96182C007A8534 /* BaseNavigationController.m */ = {isa = PBXFileReference; fileEncoding = 4; lastKnownFileType = sourcecode.c.objc; path = BaseNavigationController.m; sourceTree = "<group>"; };
		1F04D48E1D961A72007A8534 /* FollowViewController.h */ = {isa = PBXFileReference; fileEncoding = 4; lastKnownFileType = sourcecode.c.h; path = FollowViewController.h; sourceTree = "<group>"; };
		1F04D48F1D961A72007A8534 /* FollowViewController.m */ = {isa = PBXFileReference; fileEncoding = 4; lastKnownFileType = sourcecode.c.objc; path = FollowViewController.m; sourceTree = "<group>"; };
		1F04D4941D961A72007A8534 /* HomeViewController.h */ = {isa = PBXFileReference; fileEncoding = 4; lastKnownFileType = sourcecode.c.h; path = HomeViewController.h; sourceTree = "<group>"; };
		1F04D4951D961A72007A8534 /* HomeViewController.m */ = {isa = PBXFileReference; fileEncoding = 4; lastKnownFileType = sourcecode.c.objc; path = HomeViewController.m; sourceTree = "<group>"; };
		1F04D49E1D961A72007A8534 /* ZoneViewController.h */ = {isa = PBXFileReference; fileEncoding = 4; lastKnownFileType = sourcecode.c.h; path = ZoneViewController.h; sourceTree = "<group>"; };
		1F04D49F1D961A72007A8534 /* ZoneViewController.m */ = {isa = PBXFileReference; fileEncoding = 4; lastKnownFileType = sourcecode.c.objc; path = ZoneViewController.m; sourceTree = "<group>"; };
		1F04D4A51D961AA0007A8534 /* FindViewController.h */ = {isa = PBXFileReference; fileEncoding = 4; lastKnownFileType = sourcecode.c.h; path = FindViewController.h; sourceTree = "<group>"; };
		1F04D4A61D961AA0007A8534 /* FindViewController.m */ = {isa = PBXFileReference; fileEncoding = 4; lastKnownFileType = sourcecode.c.objc; path = FindViewController.m; sourceTree = "<group>"; };
		1F04D4A81D961AAE007A8534 /* MineViewController.h */ = {isa = PBXFileReference; fileEncoding = 4; lastKnownFileType = sourcecode.c.h; path = MineViewController.h; sourceTree = "<group>"; };
		1F04D4A91D961AAE007A8534 /* MineViewController.m */ = {isa = PBXFileReference; fileEncoding = 4; lastKnownFileType = sourcecode.c.objc; path = MineViewController.m; sourceTree = "<group>"; };
		1F1D2A4B1DC5A80C007983EA /* ThemeTableViewController.h */ = {isa = PBXFileReference; fileEncoding = 4; lastKnownFileType = sourcecode.c.h; path = ThemeTableViewController.h; sourceTree = "<group>"; };
		1F1D2A4C1DC5A80C007983EA /* ThemeTableViewController.m */ = {isa = PBXFileReference; fileEncoding = 4; lastKnownFileType = sourcecode.c.objc; path = ThemeTableViewController.m; sourceTree = "<group>"; };
		1F1EF69E1DBE3851008EBA9F /* MineCollectionViewCell.h */ = {isa = PBXFileReference; fileEncoding = 4; lastKnownFileType = sourcecode.c.h; path = MineCollectionViewCell.h; sourceTree = "<group>"; };
		1F1EF69F1DBE3851008EBA9F /* MineCollectionViewCell.m */ = {isa = PBXFileReference; fileEncoding = 4; lastKnownFileType = sourcecode.c.objc; path = MineCollectionViewCell.m; sourceTree = "<group>"; };
		1F1EF6A11DBE3879008EBA9F /* MineModel.h */ = {isa = PBXFileReference; fileEncoding = 4; lastKnownFileType = sourcecode.c.h; path = MineModel.h; sourceTree = "<group>"; };
		1F1EF6A21DBE3879008EBA9F /* MineModel.m */ = {isa = PBXFileReference; fileEncoding = 4; lastKnownFileType = sourcecode.c.objc; path = MineModel.m; sourceTree = "<group>"; };
		1F20320A1D9609C900BB666C /* 0_启动页.jpg */ = {isa = PBXFileReference; lastKnownFileType = image.jpeg; path = "0_启动页.jpg"; sourceTree = "<group>"; };
		1F20320B1D9609C900BB666C /* 1_首页-推荐.png */ = {isa = PBXFileReference; lastKnownFileType = image.png; path = "1_首页-推荐.png"; sourceTree = "<group>"; };
		1F20320C1D9609C900BB666C /* 1_首页-番剧.png */ = {isa = PBXFileReference; lastKnownFileType = image.png; path = "1_首页-番剧.png"; sourceTree = "<group>"; };
		1F20320D1D9609C900BB666C /* 1_首页-直播.png */ = {isa = PBXFileReference; lastKnownFileType = image.png; path = "1_首页-直播.png"; sourceTree = "<group>"; };
		1F20320E1D9609C900BB666C /* 1_首页_推荐1.jpg */ = {isa = PBXFileReference; lastKnownFileType = image.jpeg; path = "1_首页_推荐1.jpg"; sourceTree = "<group>"; };
		1F20320F1D9609C900BB666C /* 2_分区.png */ = {isa = PBXFileReference; lastKnownFileType = image.png; path = "2_分区.png"; sourceTree = "<group>"; };
		1F2032101D9609C900BB666C /* 4_发现.PNG */ = {isa = PBXFileReference; lastKnownFileType = image.png; path = "4_发现.PNG"; sourceTree = "<group>"; };
		1F2032111D9609C900BB666C /* 4_排行榜.jpg */ = {isa = PBXFileReference; lastKnownFileType = image.jpeg; path = "4_排行榜.jpg"; sourceTree = "<group>"; };
		1F2032121D9609C900BB666C /* 4_搜索.png */ = {isa = PBXFileReference; lastKnownFileType = image.png; path = "4_搜索.png"; sourceTree = "<group>"; };
		1F2032131D9609C900BB666C /* 5_下载.jpg */ = {isa = PBXFileReference; lastKnownFileType = image.jpeg; path = "5_下载.jpg"; sourceTree = "<group>"; };
		1F2032141D9609C900BB666C /* 5_下载信息1.PNG */ = {isa = PBXFileReference; lastKnownFileType = image.png; path = "5_下载信息1.PNG"; sourceTree = "<group>"; };
		1F2032151D9609C900BB666C /* 5_下载信息2.PNG */ = {isa = PBXFileReference; lastKnownFileType = image.png; path = "5_下载信息2.PNG"; sourceTree = "<group>"; };
		1F2032161D9609C900BB666C /* 5_历史记录.png */ = {isa = PBXFileReference; lastKnownFileType = image.png; path = "5_历史记录.png"; sourceTree = "<group>"; };
		1F2032171D9609C900BB666C /* 5_我的.png */ = {isa = PBXFileReference; lastKnownFileType = image.png; path = "5_我的.png"; sourceTree = "<group>"; };
		1F2032181D9609C900BB666C /* 6_视频信息-评论.png */ = {isa = PBXFileReference; lastKnownFileType = image.png; path = "6_视频信息-评论.png"; sourceTree = "<group>"; };
		1F2032191D9609C900BB666C /* 6_视频信息.png */ = {isa = PBXFileReference; lastKnownFileType = image.png; path = "6_视频信息.png"; sourceTree = "<group>"; };
		1F20321A1D9609C900BB666C /* 6_视频信息1.jpg */ = {isa = PBXFileReference; lastKnownFileType = image.jpeg; path = "6_视频信息1.jpg"; sourceTree = "<group>"; };
		1F20321B1D9609C900BB666C /* 6_视频信息2.jpg */ = {isa = PBXFileReference; lastKnownFileType = image.jpeg; path = "6_视频信息2.jpg"; sourceTree = "<group>"; };
		1F20321C1D9609C900BB666C /* 6_视频信息3.jpg */ = {isa = PBXFileReference; lastKnownFileType = image.jpeg; path = "6_视频信息3.jpg"; sourceTree = "<group>"; };
		1F20321D1D9609C900BB666C /* 6_视频信息_下载.jpg */ = {isa = PBXFileReference; lastKnownFileType = image.jpeg; path = "6_视频信息_下载.jpg"; sourceTree = "<group>"; };
		1F20321E1D9609C900BB666C /* 7_普通视频播放-弹幕.jpg */ = {isa = PBXFileReference; lastKnownFileType = image.jpeg; path = "7_普通视频播放-弹幕.jpg"; sourceTree = "<group>"; };
		1F20321F1D9609C900BB666C /* 7_普通视频播放.png */ = {isa = PBXFileReference; lastKnownFileType = image.png; path = "7_普通视频播放.png"; sourceTree = "<group>"; };
		1F2032201D9609C900BB666C /* 7_直播视频播放.jpg */ = {isa = PBXFileReference; lastKnownFileType = image.jpeg; path = "7_直播视频播放.jpg"; sourceTree = "<group>"; };
		1F2032211D9609C900BB666C /* 7_直播视频播放2.jpg */ = {isa = PBXFileReference; lastKnownFileType = image.jpeg; path = "7_直播视频播放2.jpg"; sourceTree = "<group>"; };
		1F2032221D9609C900BB666C /* 8_网页.jpg */ = {isa = PBXFileReference; lastKnownFileType = image.jpeg; path = "8_网页.jpg"; sourceTree = "<group>"; };
		1F2032231D9609C900BB666C /* 8_网页_番剧.jpg */ = {isa = PBXFileReference; lastKnownFileType = image.jpeg; path = "8_网页_番剧.jpg"; sourceTree = "<group>"; };
		1F2032241D9609C900BB666C /* IMG_1648.PNG */ = {isa = PBXFileReference; lastKnownFileType = image.png; path = IMG_1648.PNG; sourceTree = "<group>"; };
		1F2032251D9609C900BB666C /* IMG_1649.PNG */ = {isa = PBXFileReference; lastKnownFileType = image.png; path = IMG_1649.PNG; sourceTree = "<group>"; };
		1F2032261D9609C900BB666C /* IMG_1650.PNG */ = {isa = PBXFileReference; lastKnownFileType = image.png; path = IMG_1650.PNG; sourceTree = "<group>"; };
		1F2032271D9609C900BB666C /* IMG_1651.PNG */ = {isa = PBXFileReference; lastKnownFileType = image.png; path = IMG_1651.PNG; sourceTree = "<group>"; };
		1F2032281D9609C900BB666C /* IMG_1652.PNG */ = {isa = PBXFileReference; lastKnownFileType = image.png; path = IMG_1652.PNG; sourceTree = "<group>"; };
		1F2032291D9609C900BB666C /* IMG_1653.PNG */ = {isa = PBXFileReference; lastKnownFileType = image.png; path = IMG_1653.PNG; sourceTree = "<group>"; };
		1F20322A1D9609C900BB666C /* IMG_1654.PNG */ = {isa = PBXFileReference; lastKnownFileType = image.png; path = IMG_1654.PNG; sourceTree = "<group>"; };
		1F20322B1D9609C900BB666C /* IMG_1655.PNG */ = {isa = PBXFileReference; lastKnownFileType = image.png; path = IMG_1655.PNG; sourceTree = "<group>"; };
		1F20322C1D9609C900BB666C /* IMG_1656.PNG */ = {isa = PBXFileReference; lastKnownFileType = image.png; path = IMG_1656.PNG; sourceTree = "<group>"; };
		1F20322D1D9609C900BB666C /* IMG_1657.PNG */ = {isa = PBXFileReference; lastKnownFileType = image.png; path = IMG_1657.PNG; sourceTree = "<group>"; };
		1F20322E1D9609C900BB666C /* IMG_1658.PNG */ = {isa = PBXFileReference; lastKnownFileType = image.png; path = IMG_1658.PNG; sourceTree = "<group>"; };
		1F37DF251DBB13CA0056DEAC /* UINavigationBar+CustomStyle.h */ = {isa = PBXFileReference; fileEncoding = 4; lastKnownFileType = sourcecode.c.h; path = "UINavigationBar+CustomStyle.h"; sourceTree = "<group>"; };
		1F37DF261DBB13CA0056DEAC /* UINavigationBar+CustomStyle.m */ = {isa = PBXFileReference; fileEncoding = 4; lastKnownFileType = sourcecode.c.objc; path = "UINavigationBar+CustomStyle.m"; sourceTree = "<group>"; };
		1F5B37C31DB9022A004588B1 /* MyBilibiliPrefixHeader.pch */ = {isa = PBXFileReference; fileEncoding = 4; lastKnownFileType = sourcecode.c.h; path = MyBilibiliPrefixHeader.pch; sourceTree = "<group>"; };
		1FC91A721E5C91F800003176 /* NSData+SDDataCache.h */ = {isa = PBXFileReference; fileEncoding = 4; lastKnownFileType = sourcecode.c.h; path = "NSData+SDDataCache.h"; sourceTree = "<group>"; };
		1FC91A731E5C91F800003176 /* NSData+SDDataCache.m */ = {isa = PBXFileReference; fileEncoding = 4; lastKnownFileType = sourcecode.c.objc; path = "NSData+SDDataCache.m"; sourceTree = "<group>"; };
		1FC91A751E5C91F800003176 /* TAAbstractDotView.h */ = {isa = PBXFileReference; fileEncoding = 4; lastKnownFileType = sourcecode.c.h; path = TAAbstractDotView.h; sourceTree = "<group>"; };
		1FC91A761E5C91F800003176 /* TAAbstractDotView.m */ = {isa = PBXFileReference; fileEncoding = 4; lastKnownFileType = sourcecode.c.objc; path = TAAbstractDotView.m; sourceTree = "<group>"; };
		1FC91A771E5C91F800003176 /* TAAnimatedDotView.h */ = {isa = PBXFileReference; fileEncoding = 4; lastKnownFileType = sourcecode.c.h; path = TAAnimatedDotView.h; sourceTree = "<group>"; };
		1FC91A781E5C91F800003176 /* TAAnimatedDotView.m */ = {isa = PBXFileReference; fileEncoding = 4; lastKnownFileType = sourcecode.c.objc; path = TAAnimatedDotView.m; sourceTree = "<group>"; };
		1FC91A791E5C91F800003176 /* TADotView.h */ = {isa = PBXFileReference; fileEncoding = 4; lastKnownFileType = sourcecode.c.h; path = TADotView.h; sourceTree = "<group>"; };
		1FC91A7A1E5C91F800003176 /* TADotView.m */ = {isa = PBXFileReference; fileEncoding = 4; lastKnownFileType = sourcecode.c.objc; path = TADotView.m; sourceTree = "<group>"; };
		1FC91A7B1E5C91F800003176 /* TAPageControl.h */ = {isa = PBXFileReference; fileEncoding = 4; lastKnownFileType = sourcecode.c.h; path = TAPageControl.h; sourceTree = "<group>"; };
		1FC91A7C1E5C91F800003176 /* TAPageControl.m */ = {isa = PBXFileReference; fileEncoding = 4; lastKnownFileType = sourcecode.c.objc; path = TAPageControl.m; sourceTree = "<group>"; };
		1FC91A7D1E5C91F800003176 /* SDCollectionViewCell.h */ = {isa = PBXFileReference; fileEncoding = 4; lastKnownFileType = sourcecode.c.h; path = SDCollectionViewCell.h; sourceTree = "<group>"; };
		1FC91A7E1E5C91F800003176 /* SDCollectionViewCell.m */ = {isa = PBXFileReference; fileEncoding = 4; lastKnownFileType = sourcecode.c.objc; path = SDCollectionViewCell.m; sourceTree = "<group>"; };
		1FC91A7F1E5C91F800003176 /* SDCycleScrollView.h */ = {isa = PBXFileReference; fileEncoding = 4; lastKnownFileType = sourcecode.c.h; path = SDCycleScrollView.h; sourceTree = "<group>"; };
		1FC91A801E5C91F800003176 /* SDCycleScrollView.m */ = {isa = PBXFileReference; fileEncoding = 4; lastKnownFileType = sourcecode.c.objc; path = SDCycleScrollView.m; sourceTree = "<group>"; };
		1FC91A811E5C91F800003176 /* UIView+SDExtension.h */ = {isa = PBXFileReference; fileEncoding = 4; lastKnownFileType = sourcecode.c.h; path = "UIView+SDExtension.h"; sourceTree = "<group>"; };
		1FC91A821E5C91F800003176 /* UIView+SDExtension.m */ = {isa = PBXFileReference; fileEncoding = 4; lastKnownFileType = sourcecode.c.objc; path = "UIView+SDExtension.m"; sourceTree = "<group>"; };
		1FC91A8B1E5DC99200003176 /* HomeCollectionViewCell.h */ = {isa = PBXFileReference; fileEncoding = 4; lastKnownFileType = sourcecode.c.h; path = HomeCollectionViewCell.h; sourceTree = "<group>"; };
		1FC91A8C1E5DC99200003176 /* HomeCollectionViewCell.m */ = {isa = PBXFileReference; fileEncoding = 4; lastKnownFileType = sourcecode.c.objc; path = HomeCollectionViewCell.m; sourceTree = "<group>"; };
		1FDD12101D8A4C80008F3E44 /* MyBilibili.app */ = {isa = PBXFileReference; explicitFileType = wrapper.application; includeInIndex = 0; path = MyBilibili.app; sourceTree = BUILT_PRODUCTS_DIR; };
		1FDD12141D8A4C81008F3E44 /* main.m */ = {isa = PBXFileReference; lastKnownFileType = sourcecode.c.objc; path = main.m; sourceTree = "<group>"; };
		1FDD12161D8A4C81008F3E44 /* AppDelegate.h */ = {isa = PBXFileReference; lastKnownFileType = sourcecode.c.h; path = AppDelegate.h; sourceTree = "<group>"; };
		1FDD12171D8A4C81008F3E44 /* AppDelegate.m */ = {isa = PBXFileReference; lastKnownFileType = sourcecode.c.objc; path = AppDelegate.m; sourceTree = "<group>"; };
		1FDD121D1D8A4C81008F3E44 /* Base */ = {isa = PBXFileReference; lastKnownFileType = file.storyboard; name = Base; path = Base.lproj/Main.storyboard; sourceTree = "<group>"; };
		1FDD121F1D8A4C81008F3E44 /* Assets.xcassets */ = {isa = PBXFileReference; lastKnownFileType = folder.assetcatalog; path = Assets.xcassets; sourceTree = "<group>"; };
		1FDD12221D8A4C81008F3E44 /* Base */ = {isa = PBXFileReference; lastKnownFileType = file.storyboard; name = Base; path = Base.lproj/LaunchScreen.storyboard; sourceTree = "<group>"; };
		1FDD12241D8A4C81008F3E44 /* Info.plist */ = {isa = PBXFileReference; lastKnownFileType = text.plist.xml; path = Info.plist; sourceTree = "<group>"; };
		1FDD12291D8A4C81008F3E44 /* MyBilibiliTests.xctest */ = {isa = PBXFileReference; explicitFileType = wrapper.cfbundle; includeInIndex = 0; path = MyBilibiliTests.xctest; sourceTree = BUILT_PRODUCTS_DIR; };
		1FDD122D1D8A4C81008F3E44 /* MyBilibiliTests.m */ = {isa = PBXFileReference; lastKnownFileType = sourcecode.c.objc; path = MyBilibiliTests.m; sourceTree = "<group>"; };
		1FDD122F1D8A4C81008F3E44 /* Info.plist */ = {isa = PBXFileReference; lastKnownFileType = text.plist.xml; path = Info.plist; sourceTree = "<group>"; };
		1FDD12341D8A4C81008F3E44 /* MyBilibiliUITests.xctest */ = {isa = PBXFileReference; explicitFileType = wrapper.cfbundle; includeInIndex = 0; path = MyBilibiliUITests.xctest; sourceTree = BUILT_PRODUCTS_DIR; };
		1FDD12381D8A4C81008F3E44 /* MyBilibiliUITests.m */ = {isa = PBXFileReference; lastKnownFileType = sourcecode.c.objc; path = MyBilibiliUITests.m; sourceTree = "<group>"; };
		1FDD123A1D8A4C81008F3E44 /* Info.plist */ = {isa = PBXFileReference; lastKnownFileType = text.plist.xml; path = Info.plist; sourceTree = "<group>"; };
		1FDD125C1D8A6E8F008F3E44 /* File */ = {isa = PBXFileReference; fileEncoding = 4; lastKnownFileType = text; path = File; sourceTree = "<group>"; };
		1FDD125E1D8BA6F5008F3E44 /* 接口整理.md */ = {isa = PBXFileReference; fileEncoding = 4; lastKnownFileType = net.daringfireball.markdown; path = "接口整理.md"; sourceTree = "<group>"; };
		1FFA86E11D978E89006F83C3 /* StartView.h */ = {isa = PBXFileReference; fileEncoding = 4; lastKnownFileType = sourcecode.c.h; path = StartView.h; sourceTree = "<group>"; };
		1FFA86E21D978E89006F83C3 /* StartView.m */ = {isa = PBXFileReference; fileEncoding = 4; lastKnownFileType = sourcecode.c.objc; path = StartView.m; sourceTree = "<group>"; };
		4030C57D5CB50EED76130514 /* libPods-MyBilibili.a */ = {isa = PBXFileReference; explicitFileType = archive.ar; includeInIndex = 0; path = "libPods-MyBilibili.a"; sourceTree = BUILT_PRODUCTS_DIR; };
		5755CAA0C952DEFE6F65CE8E /* Pods-MyBilibili.release.xcconfig */ = {isa = PBXFileReference; includeInIndex = 1; lastKnownFileType = text.xcconfig; name = "Pods-MyBilibili.release.xcconfig"; path = "Pods/Target Support Files/Pods-MyBilibili/Pods-MyBilibili.release.xcconfig"; sourceTree = "<group>"; };
		809B9314D6E95A6DD80885D0 /* Pods-MyBilibili.debug.xcconfig */ = {isa = PBXFileReference; includeInIndex = 1; lastKnownFileType = text.xcconfig; name = "Pods-MyBilibili.debug.xcconfig"; path = "Pods/Target Support Files/Pods-MyBilibili/Pods-MyBilibili.debug.xcconfig"; sourceTree = "<group>"; };
/* End PBXFileReference section */

/* Begin PBXFrameworksBuildPhase section */
		1FDD120D1D8A4C80008F3E44 /* Frameworks */ = {
			isa = PBXFrameworksBuildPhase;
			buildActionMask = 2147483647;
			files = (
				29F769A640A2FDC7D9D04CF5 /* libPods-MyBilibili.a in Frameworks */,
			);
			runOnlyForDeploymentPostprocessing = 0;
		};
		1FDD12261D8A4C81008F3E44 /* Frameworks */ = {
			isa = PBXFrameworksBuildPhase;
			buildActionMask = 2147483647;
			files = (
			);
			runOnlyForDeploymentPostprocessing = 0;
		};
		1FDD12311D8A4C81008F3E44 /* Frameworks */ = {
			isa = PBXFrameworksBuildPhase;
			buildActionMask = 2147483647;
			files = (
			);
			runOnlyForDeploymentPostprocessing = 0;
		};
/* End PBXFrameworksBuildPhase section */

/* Begin PBXGroup section */
		1F04D46B1D9614BF007A8534 /* Base */ = {
			isa = PBXGroup;
			children = (
				1FFA86E11D978E89006F83C3 /* StartView.h */,
				1FFA86E21D978E89006F83C3 /* StartView.m */,
				04EE3C411E5700AB00D16330 /* TitleView.h */,
				04EE3C421E5700AB00D16330 /* TitleView.m */,
				1F04D4751D96182C007A8534 /* BaseNavigationController.h */,
				1F04D4761D96182C007A8534 /* BaseNavigationController.m */,
				1F04D46F1D961786007A8534 /* BaseTabBarController.h */,
				1F04D4701D961786007A8534 /* BaseTabBarController.m */,
				1F37DF251DBB13CA0056DEAC /* UINavigationBar+CustomStyle.h */,
				1F37DF261DBB13CA0056DEAC /* UINavigationBar+CustomStyle.m */,
			);
			path = Base;
			sourceTree = "<group>";
		};
		1F04D4871D961A72007A8534 /* Modules */ = {
			isa = PBXGroup;
			children = (
				1F04D4921D961A72007A8534 /* Home */,
				1F04D49C1D961A72007A8534 /* Zone */,
				1F04D48C1D961A72007A8534 /* Follow */,
				1F04D4881D961A72007A8534 /* Find */,
				1F04D4981D961A72007A8534 /* Mine */,
			);
			path = Modules;
			sourceTree = "<group>";
		};
		1F04D4881D961A72007A8534 /* Find */ = {
			isa = PBXGroup;
			children = (
				1F04D4891D961A72007A8534 /* Controller */,
				1F04D48A1D961A72007A8534 /* Model */,
				1F04D48B1D961A72007A8534 /* View */,
			);
			path = Find;
			sourceTree = "<group>";
		};
		1F04D4891D961A72007A8534 /* Controller */ = {
			isa = PBXGroup;
			children = (
				1F04D4A51D961AA0007A8534 /* FindViewController.h */,
				1F04D4A61D961AA0007A8534 /* FindViewController.m */,
			);
			path = Controller;
			sourceTree = "<group>";
		};
		1F04D48A1D961A72007A8534 /* Model */ = {
			isa = PBXGroup;
			children = (
			);
			path = Model;
			sourceTree = "<group>";
		};
		1F04D48B1D961A72007A8534 /* View */ = {
			isa = PBXGroup;
			children = (
			);
			path = View;
			sourceTree = "<group>";
		};
		1F04D48C1D961A72007A8534 /* Follow */ = {
			isa = PBXGroup;
			children = (
				1F04D48D1D961A72007A8534 /* Controller */,
				1F04D4901D961A72007A8534 /* Model */,
				1F04D4911D961A72007A8534 /* View */,
			);
			path = Follow;
			sourceTree = "<group>";
		};
		1F04D48D1D961A72007A8534 /* Controller */ = {
			isa = PBXGroup;
			children = (
				1F04D48E1D961A72007A8534 /* FollowViewController.h */,
				1F04D48F1D961A72007A8534 /* FollowViewController.m */,
			);
			path = Controller;
			sourceTree = "<group>";
		};
		1F04D4901D961A72007A8534 /* Model */ = {
			isa = PBXGroup;
			children = (
			);
			path = Model;
			sourceTree = "<group>";
		};
		1F04D4911D961A72007A8534 /* View */ = {
			isa = PBXGroup;
			children = (
			);
			path = View;
			sourceTree = "<group>";
		};
		1F04D4921D961A72007A8534 /* Home */ = {
			isa = PBXGroup;
			children = (
				1F04D4931D961A72007A8534 /* Controller */,
				1F04D4961D961A72007A8534 /* Model */,
				1F04D4971D961A72007A8534 /* View */,
			);
			path = Home;
			sourceTree = "<group>";
		};
		1F04D4931D961A72007A8534 /* Controller */ = {
			isa = PBXGroup;
			children = (
				1F04D4941D961A72007A8534 /* HomeViewController.h */,
				1F04D4951D961A72007A8534 /* HomeViewController.m */,
			);
			path = Controller;
			sourceTree = "<group>";
		};
		1F04D4961D961A72007A8534 /* Model */ = {
			isa = PBXGroup;
			children = (
				04C7ABE21E5D6C8900A9CB7C /* HomeSectionModel.h */,
				04C7ABE31E5D6C8900A9CB7C /* HomeSectionModel.m */,
				04C7ABE51E5D6F5300A9CB7C /* HomeCellModel.h */,
				04C7ABE61E5D6F5300A9CB7C /* HomeCellModel.m */,
			);
			path = Model;
			sourceTree = "<group>";
		};
		1F04D4971D961A72007A8534 /* View */ = {
			isa = PBXGroup;
			children = (
				04C7ABDD1E5C453500A9CB7C /* HomeCollectionReusableView.h */,
				04C7ABDE1E5C453500A9CB7C /* HomeCollectionReusableView.m */,
				1FC91A8B1E5DC99200003176 /* HomeCollectionViewCell.h */,
				1FC91A8C1E5DC99200003176 /* HomeCollectionViewCell.m */,
			);
			path = View;
			sourceTree = "<group>";
		};
		1F04D4981D961A72007A8534 /* Mine */ = {
			isa = PBXGroup;
			children = (
				1F04D4991D961A72007A8534 /* Controller */,
				1F04D49A1D961A72007A8534 /* Model */,
				1F04D49B1D961A72007A8534 /* View */,
			);
			path = Mine;
			sourceTree = "<group>";
		};
		1F04D4991D961A72007A8534 /* Controller */ = {
			isa = PBXGroup;
			children = (
				1F04D4A81D961AAE007A8534 /* MineViewController.h */,
				1F04D4A91D961AAE007A8534 /* MineViewController.m */,
				1F1D2A4B1DC5A80C007983EA /* ThemeTableViewController.h */,
				1F1D2A4C1DC5A80C007983EA /* ThemeTableViewController.m */,
			);
			path = Controller;
			sourceTree = "<group>";
		};
		1F04D49A1D961A72007A8534 /* Model */ = {
			isa = PBXGroup;
			children = (
				1F1EF6A11DBE3879008EBA9F /* MineModel.h */,
				1F1EF6A21DBE3879008EBA9F /* MineModel.m */,
			);
			path = Model;
			sourceTree = "<group>";
		};
		1F04D49B1D961A72007A8534 /* View */ = {
			isa = PBXGroup;
			children = (
				1F1EF69E1DBE3851008EBA9F /* MineCollectionViewCell.h */,
				1F1EF69F1DBE3851008EBA9F /* MineCollectionViewCell.m */,
			);
			path = View;
			sourceTree = "<group>";
		};
		1F04D49C1D961A72007A8534 /* Zone */ = {
			isa = PBXGroup;
			children = (
				1F04D49D1D961A72007A8534 /* Controller */,
				1F04D4A01D961A72007A8534 /* Model */,
				1F04D4A11D961A72007A8534 /* View */,
			);
			path = Zone;
			sourceTree = "<group>";
		};
		1F04D49D1D961A72007A8534 /* Controller */ = {
			isa = PBXGroup;
			children = (
				1F04D49E1D961A72007A8534 /* ZoneViewController.h */,
				1F04D49F1D961A72007A8534 /* ZoneViewController.m */,
			);
			path = Controller;
			sourceTree = "<group>";
		};
		1F04D4A01D961A72007A8534 /* Model */ = {
			isa = PBXGroup;
			children = (
			);
			path = Model;
			sourceTree = "<group>";
		};
		1F04D4A11D961A72007A8534 /* View */ = {
			isa = PBXGroup;
			children = (
			);
			path = View;
			sourceTree = "<group>";
		};
		1F2032091D9609C900BB666C /* images */ = {
			isa = PBXGroup;
			children = (
				1F20320A1D9609C900BB666C /* 0_启动页.jpg */,
				1F20320B1D9609C900BB666C /* 1_首页-推荐.png */,
				1F20320C1D9609C900BB666C /* 1_首页-番剧.png */,
				1F20320D1D9609C900BB666C /* 1_首页-直播.png */,
				1F20320E1D9609C900BB666C /* 1_首页_推荐1.jpg */,
				1F20320F1D9609C900BB666C /* 2_分区.png */,
				1F2032101D9609C900BB666C /* 4_发现.PNG */,
				1F2032111D9609C900BB666C /* 4_排行榜.jpg */,
				1F2032121D9609C900BB666C /* 4_搜索.png */,
				1F2032131D9609C900BB666C /* 5_下载.jpg */,
				1F2032141D9609C900BB666C /* 5_下载信息1.PNG */,
				1F2032151D9609C900BB666C /* 5_下载信息2.PNG */,
				1F2032161D9609C900BB666C /* 5_历史记录.png */,
				1F2032171D9609C900BB666C /* 5_我的.png */,
				1F2032181D9609C900BB666C /* 6_视频信息-评论.png */,
				1F2032191D9609C900BB666C /* 6_视频信息.png */,
				1F20321A1D9609C900BB666C /* 6_视频信息1.jpg */,
				1F20321B1D9609C900BB666C /* 6_视频信息2.jpg */,
				1F20321C1D9609C900BB666C /* 6_视频信息3.jpg */,
				1F20321D1D9609C900BB666C /* 6_视频信息_下载.jpg */,
				1F20321E1D9609C900BB666C /* 7_普通视频播放-弹幕.jpg */,
				1F20321F1D9609C900BB666C /* 7_普通视频播放.png */,
				1F2032201D9609C900BB666C /* 7_直播视频播放.jpg */,
				1F2032211D9609C900BB666C /* 7_直播视频播放2.jpg */,
				1F2032221D9609C900BB666C /* 8_网页.jpg */,
				1F2032231D9609C900BB666C /* 8_网页_番剧.jpg */,
				1F2032241D9609C900BB666C /* IMG_1648.PNG */,
				1F2032251D9609C900BB666C /* IMG_1649.PNG */,
				1F2032261D9609C900BB666C /* IMG_1650.PNG */,
				1F2032271D9609C900BB666C /* IMG_1651.PNG */,
				1F2032281D9609C900BB666C /* IMG_1652.PNG */,
				1F2032291D9609C900BB666C /* IMG_1653.PNG */,
				1F20322A1D9609C900BB666C /* IMG_1654.PNG */,
				1F20322B1D9609C900BB666C /* IMG_1655.PNG */,
				1F20322C1D9609C900BB666C /* IMG_1656.PNG */,
				1F20322D1D9609C900BB666C /* IMG_1657.PNG */,
				1F20322E1D9609C900BB666C /* IMG_1658.PNG */,
			);
			path = images;
			sourceTree = "<group>";
		};
		1FC91A701E5C91F800003176 /* 3thLibrary */ = {
			isa = PBXGroup;
			children = (
				1FC91A711E5C91F800003176 /* SDCycleScrollView */,
			);
			path = 3thLibrary;
			sourceTree = "<group>";
		};
		1FC91A711E5C91F800003176 /* SDCycleScrollView */ = {
			isa = PBXGroup;
			children = (
				1FC91A721E5C91F800003176 /* NSData+SDDataCache.h */,
				1FC91A731E5C91F800003176 /* NSData+SDDataCache.m */,
				1FC91A741E5C91F800003176 /* PageControl */,
				1FC91A7D1E5C91F800003176 /* SDCollectionViewCell.h */,
				1FC91A7E1E5C91F800003176 /* SDCollectionViewCell.m */,
				1FC91A7F1E5C91F800003176 /* SDCycleScrollView.h */,
				1FC91A801E5C91F800003176 /* SDCycleScrollView.m */,
				1FC91A811E5C91F800003176 /* UIView+SDExtension.h */,
				1FC91A821E5C91F800003176 /* UIView+SDExtension.m */,
			);
			path = SDCycleScrollView;
			sourceTree = "<group>";
		};
		1FC91A741E5C91F800003176 /* PageControl */ = {
			isa = PBXGroup;
			children = (
				1FC91A751E5C91F800003176 /* TAAbstractDotView.h */,
				1FC91A761E5C91F800003176 /* TAAbstractDotView.m */,
				1FC91A771E5C91F800003176 /* TAAnimatedDotView.h */,
				1FC91A781E5C91F800003176 /* TAAnimatedDotView.m */,
				1FC91A791E5C91F800003176 /* TADotView.h */,
				1FC91A7A1E5C91F800003176 /* TADotView.m */,
				1FC91A7B1E5C91F800003176 /* TAPageControl.h */,
				1FC91A7C1E5C91F800003176 /* TAPageControl.m */,
			);
			path = PageControl;
			sourceTree = "<group>";
		};
		1FDD12071D8A4C80008F3E44 = {
			isa = PBXGroup;
			children = (
				1FDD12121D8A4C81008F3E44 /* MyBilibili */,
				1FDD122C1D8A4C81008F3E44 /* MyBilibiliTests */,
				1FDD12371D8A4C81008F3E44 /* MyBilibiliUITests */,
				1FDD12111D8A4C80008F3E44 /* Products */,
				F7E37C8E3D8ABF24963CAD5B /* Pods */,
				FB5E87F254B38D6D249FD29A /* Frameworks */,
			);
			sourceTree = "<group>";
		};
		1FDD12111D8A4C80008F3E44 /* Products */ = {
			isa = PBXGroup;
			children = (
				1FDD12101D8A4C80008F3E44 /* MyBilibili.app */,
				1FDD12291D8A4C81008F3E44 /* MyBilibiliTests.xctest */,
				1FDD12341D8A4C81008F3E44 /* MyBilibiliUITests.xctest */,
			);
			name = Products;
			sourceTree = "<group>";
		};
		1FDD12121D8A4C81008F3E44 /* MyBilibili */ = {
			isa = PBXGroup;
			children = (
				1F5B37C31DB9022A004588B1 /* MyBilibiliPrefixHeader.pch */,
				1FDD12161D8A4C81008F3E44 /* AppDelegate.h */,
				1FDD12171D8A4C81008F3E44 /* AppDelegate.m */,
				1FDD121C1D8A4C81008F3E44 /* Main.storyboard */,
				1FC91A701E5C91F800003176 /* 3thLibrary */,
				1F04D46B1D9614BF007A8534 /* Base */,
				1F04D4871D961A72007A8534 /* Modules */,
				1FDD121F1D8A4C81008F3E44 /* Assets.xcassets */,
				1F2032091D9609C900BB666C /* images */,
				1FDD125C1D8A6E8F008F3E44 /* File */,
				1FDD125E1D8BA6F5008F3E44 /* 接口整理.md */,
				1FDD12211D8A4C81008F3E44 /* LaunchScreen.storyboard */,
				1FDD12241D8A4C81008F3E44 /* Info.plist */,
				1FDD12131D8A4C81008F3E44 /* Supporting Files */,
			);
			path = MyBilibili;
			sourceTree = "<group>";
		};
		1FDD12131D8A4C81008F3E44 /* Supporting Files */ = {
			isa = PBXGroup;
			children = (
				1FDD12141D8A4C81008F3E44 /* main.m */,
			);
			name = "Supporting Files";
			sourceTree = "<group>";
		};
		1FDD122C1D8A4C81008F3E44 /* MyBilibiliTests */ = {
			isa = PBXGroup;
			children = (
				1FDD122D1D8A4C81008F3E44 /* MyBilibiliTests.m */,
				1FDD122F1D8A4C81008F3E44 /* Info.plist */,
			);
			path = MyBilibiliTests;
			sourceTree = "<group>";
		};
		1FDD12371D8A4C81008F3E44 /* MyBilibiliUITests */ = {
			isa = PBXGroup;
			children = (
				1FDD12381D8A4C81008F3E44 /* MyBilibiliUITests.m */,
				1FDD123A1D8A4C81008F3E44 /* Info.plist */,
			);
			path = MyBilibiliUITests;
			sourceTree = "<group>";
		};
		F7E37C8E3D8ABF24963CAD5B /* Pods */ = {
			isa = PBXGroup;
			children = (
				809B9314D6E95A6DD80885D0 /* Pods-MyBilibili.debug.xcconfig */,
				5755CAA0C952DEFE6F65CE8E /* Pods-MyBilibili.release.xcconfig */,
			);
			name = Pods;
			sourceTree = "<group>";
		};
		FB5E87F254B38D6D249FD29A /* Frameworks */ = {
			isa = PBXGroup;
			children = (
				4030C57D5CB50EED76130514 /* libPods-MyBilibili.a */,
			);
			name = Frameworks;
			sourceTree = "<group>";
		};
/* End PBXGroup section */

/* Begin PBXNativeTarget section */
		1FDD120F1D8A4C80008F3E44 /* MyBilibili */ = {
			isa = PBXNativeTarget;
			buildConfigurationList = 1FDD123D1D8A4C81008F3E44 /* Build configuration list for PBXNativeTarget "MyBilibili" */;
			buildPhases = (
				1045C501CCB547944141EA98 /* 📦 Check Pods Manifest.lock */,
				1FDD120C1D8A4C80008F3E44 /* Sources */,
				1FDD120D1D8A4C80008F3E44 /* Frameworks */,
				1FDD120E1D8A4C80008F3E44 /* Resources */,
				3BD31274E91C06551FAC77A9 /* 📦 Embed Pods Frameworks */,
				8CED9A94C5D0E07443304815 /* 📦 Copy Pods Resources */,
			);
			buildRules = (
			);
			dependencies = (
			);
			name = MyBilibili;
			productName = MyBilibili;
			productReference = 1FDD12101D8A4C80008F3E44 /* MyBilibili.app */;
			productType = "com.apple.product-type.application";
		};
		1FDD12281D8A4C81008F3E44 /* MyBilibiliTests */ = {
			isa = PBXNativeTarget;
			buildConfigurationList = 1FDD12401D8A4C81008F3E44 /* Build configuration list for PBXNativeTarget "MyBilibiliTests" */;
			buildPhases = (
				1FDD12251D8A4C81008F3E44 /* Sources */,
				1FDD12261D8A4C81008F3E44 /* Frameworks */,
				1FDD12271D8A4C81008F3E44 /* Resources */,
			);
			buildRules = (
			);
			dependencies = (
				1FDD122B1D8A4C81008F3E44 /* PBXTargetDependency */,
			);
			name = MyBilibiliTests;
			productName = MyBilibiliTests;
			productReference = 1FDD12291D8A4C81008F3E44 /* MyBilibiliTests.xctest */;
			productType = "com.apple.product-type.bundle.unit-test";
		};
		1FDD12331D8A4C81008F3E44 /* MyBilibiliUITests */ = {
			isa = PBXNativeTarget;
			buildConfigurationList = 1FDD12431D8A4C81008F3E44 /* Build configuration list for PBXNativeTarget "MyBilibiliUITests" */;
			buildPhases = (
				1FDD12301D8A4C81008F3E44 /* Sources */,
				1FDD12311D8A4C81008F3E44 /* Frameworks */,
				1FDD12321D8A4C81008F3E44 /* Resources */,
			);
			buildRules = (
			);
			dependencies = (
				1FDD12361D8A4C81008F3E44 /* PBXTargetDependency */,
			);
			name = MyBilibiliUITests;
			productName = MyBilibiliUITests;
			productReference = 1FDD12341D8A4C81008F3E44 /* MyBilibiliUITests.xctest */;
			productType = "com.apple.product-type.bundle.ui-testing";
		};
/* End PBXNativeTarget section */

/* Begin PBXProject section */
		1FDD12081D8A4C80008F3E44 /* Project object */ = {
			isa = PBXProject;
			attributes = {
				LastUpgradeCheck = 0730;
				ORGANIZATIONNAME = Hubin_Huang;
				TargetAttributes = {
					1FDD120F1D8A4C80008F3E44 = {
						CreatedOnToolsVersion = 7.3;
						DevelopmentTeam = CHX656NT89;
						ProvisioningStyle = Automatic;
					};
					1FDD12281D8A4C81008F3E44 = {
						CreatedOnToolsVersion = 7.3;
						TestTargetID = 1FDD120F1D8A4C80008F3E44;
					};
					1FDD12331D8A4C81008F3E44 = {
						CreatedOnToolsVersion = 7.3;
						TestTargetID = 1FDD120F1D8A4C80008F3E44;
					};
				};
			};
			buildConfigurationList = 1FDD120B1D8A4C80008F3E44 /* Build configuration list for PBXProject "MyBilibili" */;
			compatibilityVersion = "Xcode 3.2";
			developmentRegion = English;
			hasScannedForEncodings = 0;
			knownRegions = (
				en,
				Base,
			);
			mainGroup = 1FDD12071D8A4C80008F3E44;
			productRefGroup = 1FDD12111D8A4C80008F3E44 /* Products */;
			projectDirPath = "";
			projectRoot = "";
			targets = (
				1FDD120F1D8A4C80008F3E44 /* MyBilibili */,
				1FDD12281D8A4C81008F3E44 /* MyBilibiliTests */,
				1FDD12331D8A4C81008F3E44 /* MyBilibiliUITests */,
			);
		};
/* End PBXProject section */

/* Begin PBXResourcesBuildPhase section */
		1FDD120E1D8A4C80008F3E44 /* Resources */ = {
			isa = PBXResourcesBuildPhase;
			buildActionMask = 2147483647;
			files = (
				1F20323C1D9609C900BB666C /* 5_我的.png in Resources */,
				1F2032331D9609C900BB666C /* 1_首页_推荐1.jpg in Resources */,
				1F2032471D9609C900BB666C /* 8_网页.jpg in Resources */,
				1F2032481D9609C900BB666C /* 8_网页_番剧.jpg in Resources */,
				1F2032491D9609C900BB666C /* IMG_1648.PNG in Resources */,
				1F2032381D9609C900BB666C /* 5_下载.jpg in Resources */,
				1F2032461D9609C900BB666C /* 7_直播视频播放2.jpg in Resources */,
				1F2032361D9609C900BB666C /* 4_排行榜.jpg in Resources */,
				1F20324F1D9609C900BB666C /* IMG_1654.PNG in Resources */,
				1F2032531D9609C900BB666C /* IMG_1658.PNG in Resources */,
				1F2032391D9609C900BB666C /* 5_下载信息1.PNG in Resources */,
				1F2032441D9609C900BB666C /* 7_普通视频播放.png in Resources */,
				1F20324E1D9609C900BB666C /* IMG_1653.PNG in Resources */,
				1F20323F1D9609C900BB666C /* 6_视频信息1.jpg in Resources */,
				1F20323E1D9609C900BB666C /* 6_视频信息.png in Resources */,
				1F2032421D9609C900BB666C /* 6_视频信息_下载.jpg in Resources */,
				1F2032311D9609C900BB666C /* 1_首页-番剧.png in Resources */,
				1F2032351D9609C900BB666C /* 4_发现.PNG in Resources */,
				1F20324A1D9609C900BB666C /* IMG_1649.PNG in Resources */,
				1F2032341D9609C900BB666C /* 2_分区.png in Resources */,
				1F2032401D9609C900BB666C /* 6_视频信息2.jpg in Resources */,
				1F2032301D9609C900BB666C /* 1_首页-推荐.png in Resources */,
				1F20324B1D9609C900BB666C /* IMG_1650.PNG in Resources */,
				1F20323D1D9609C900BB666C /* 6_视频信息-评论.png in Resources */,
				1FDD12231D8A4C81008F3E44 /* LaunchScreen.storyboard in Resources */,
				1F2032371D9609C900BB666C /* 4_搜索.png in Resources */,
				1FDD12201D8A4C81008F3E44 /* Assets.xcassets in Resources */,
				1F2032411D9609C900BB666C /* 6_视频信息3.jpg in Resources */,
				1F2032451D9609C900BB666C /* 7_直播视频播放.jpg in Resources */,
				1F2032511D9609C900BB666C /* IMG_1656.PNG in Resources */,
				1F20324C1D9609C900BB666C /* IMG_1651.PNG in Resources */,
				1FDD121E1D8A4C81008F3E44 /* Main.storyboard in Resources */,
				1F20324D1D9609C900BB666C /* IMG_1652.PNG in Resources */,
				1F20323A1D9609C900BB666C /* 5_下载信息2.PNG in Resources */,
				1F2032431D9609C900BB666C /* 7_普通视频播放-弹幕.jpg in Resources */,
				1FDD125D1D8A6E8F008F3E44 /* File in Resources */,
				1F2032501D9609C900BB666C /* IMG_1655.PNG in Resources */,
				1F20323B1D9609C900BB666C /* 5_历史记录.png in Resources */,
				1F20322F1D9609C900BB666C /* 0_启动页.jpg in Resources */,
				1F2032521D9609C900BB666C /* IMG_1657.PNG in Resources */,
				1F2032321D9609C900BB666C /* 1_首页-直播.png in Resources */,
			);
			runOnlyForDeploymentPostprocessing = 0;
		};
		1FDD12271D8A4C81008F3E44 /* Resources */ = {
			isa = PBXResourcesBuildPhase;
			buildActionMask = 2147483647;
			files = (
			);
			runOnlyForDeploymentPostprocessing = 0;
		};
		1FDD12321D8A4C81008F3E44 /* Resources */ = {
			isa = PBXResourcesBuildPhase;
			buildActionMask = 2147483647;
			files = (
			);
			runOnlyForDeploymentPostprocessing = 0;
		};
/* End PBXResourcesBuildPhase section */

/* Begin PBXShellScriptBuildPhase section */
		1045C501CCB547944141EA98 /* 📦 Check Pods Manifest.lock */ = {
			isa = PBXShellScriptBuildPhase;
			buildActionMask = 2147483647;
			files = (
			);
			inputPaths = (
			);
			name = "📦 Check Pods Manifest.lock";
			outputPaths = (
			);
			runOnlyForDeploymentPostprocessing = 0;
			shellPath = /bin/sh;
			shellScript = "diff \"${PODS_ROOT}/../Podfile.lock\" \"${PODS_ROOT}/Manifest.lock\" > /dev/null\nif [[ $? != 0 ]] ; then\n    cat << EOM\nerror: The sandbox is not in sync with the Podfile.lock. Run 'pod install' or update your CocoaPods installation.\nEOM\n    exit 1\nfi\n";
			showEnvVarsInLog = 0;
		};
		3BD31274E91C06551FAC77A9 /* 📦 Embed Pods Frameworks */ = {
			isa = PBXShellScriptBuildPhase;
			buildActionMask = 2147483647;
			files = (
			);
			inputPaths = (
			);
			name = "📦 Embed Pods Frameworks";
			outputPaths = (
			);
			runOnlyForDeploymentPostprocessing = 0;
			shellPath = /bin/sh;
			shellScript = "\"${SRCROOT}/Pods/Target Support Files/Pods-MyBilibili/Pods-MyBilibili-frameworks.sh\"\n";
			showEnvVarsInLog = 0;
		};
		8CED9A94C5D0E07443304815 /* 📦 Copy Pods Resources */ = {
			isa = PBXShellScriptBuildPhase;
			buildActionMask = 2147483647;
			files = (
			);
			inputPaths = (
			);
			name = "📦 Copy Pods Resources";
			outputPaths = (
			);
			runOnlyForDeploymentPostprocessing = 0;
			shellPath = /bin/sh;
			shellScript = "\"${SRCROOT}/Pods/Target Support Files/Pods-MyBilibili/Pods-MyBilibili-resources.sh\"\n";
			showEnvVarsInLog = 0;
		};
/* End PBXShellScriptBuildPhase section */

/* Begin PBXSourcesBuildPhase section */
		1FDD120C1D8A4C80008F3E44 /* Sources */ = {
			isa = PBXSourcesBuildPhase;
			buildActionMask = 2147483647;
			files = (
				1F04D4771D96182C007A8534 /* BaseNavigationController.m in Sources */,
				1FC91A861E5C91F800003176 /* TADotView.m in Sources */,
				04C7ABE41E5D6C8900A9CB7C /* HomeSectionModel.m in Sources */,
				1F04D4711D961786007A8534 /* BaseTabBarController.m in Sources */,
				1FFF5ACD1E50121F00FD3ADE /* UINavigationBar+CustomStyle.m in Sources */,
				04EE3C431E5700AB00D16330 /* TitleView.m in Sources */,
				1FC91A841E5C91F800003176 /* TAAbstractDotView.m in Sources */,
				04C7ABDF1E5C453500A9CB7C /* HomeCollectionReusableView.m in Sources */,
				1FC91A891E5C91F800003176 /* SDCycleScrollView.m in Sources */,
				1F1EF6A31DBE3879008EBA9F /* MineModel.m in Sources */,
				1F04D4AA1D961AAE007A8534 /* MineViewController.m in Sources */,
				1FC91A8D1E5DC99200003176 /* HomeCollectionViewCell.m in Sources */,
				1FC91A851E5C91F800003176 /* TAAnimatedDotView.m in Sources */,
				1F04D4A71D961AA0007A8534 /* FindViewController.m in Sources */,
				1F04D4A21D961A72007A8534 /* FollowViewController.m in Sources */,
				1F04D4A41D961A72007A8534 /* ZoneViewController.m in Sources */,
				1FC91A831E5C91F800003176 /* NSData+SDDataCache.m in Sources */,
				1FDD125F1D8BA6F5008F3E44 /* 接口整理.md in Sources */,
				1F1EF6A01DBE3851008EBA9F /* MineCollectionViewCell.m in Sources */,
				1F04D4A31D961A72007A8534 /* HomeViewController.m in Sources */,
				1FC91A871E5C91F800003176 /* TAPageControl.m in Sources */,
				04C7ABE71E5D6F5300A9CB7C /* HomeCellModel.m in Sources */,
				1FC91A881E5C91F800003176 /* SDCollectionViewCell.m in Sources */,
				1F1D2A4D1DC5A80C007983EA /* ThemeTableViewController.m in Sources */,
				1F5B37C61DB90A29004588B1 /* StartView.m in Sources */,
				1FDD12181D8A4C81008F3E44 /* AppDelegate.m in Sources */,
				1FC91A8A1E5C91F800003176 /* UIView+SDExtension.m in Sources */,
				1FDD12151D8A4C81008F3E44 /* main.m in Sources */,
			);
			runOnlyForDeploymentPostprocessing = 0;
		};
		1FDD12251D8A4C81008F3E44 /* Sources */ = {
			isa = PBXSourcesBuildPhase;
			buildActionMask = 2147483647;
			files = (
				1FDD122E1D8A4C81008F3E44 /* MyBilibiliTests.m in Sources */,
			);
			runOnlyForDeploymentPostprocessing = 0;
		};
		1FDD12301D8A4C81008F3E44 /* Sources */ = {
			isa = PBXSourcesBuildPhase;
			buildActionMask = 2147483647;
			files = (
				1FDD12391D8A4C81008F3E44 /* MyBilibiliUITests.m in Sources */,
			);
			runOnlyForDeploymentPostprocessing = 0;
		};
/* End PBXSourcesBuildPhase section */

/* Begin PBXTargetDependency section */
		1FDD122B1D8A4C81008F3E44 /* PBXTargetDependency */ = {
			isa = PBXTargetDependency;
			target = 1FDD120F1D8A4C80008F3E44 /* MyBilibili */;
			targetProxy = 1FDD122A1D8A4C81008F3E44 /* PBXContainerItemProxy */;
		};
		1FDD12361D8A4C81008F3E44 /* PBXTargetDependency */ = {
			isa = PBXTargetDependency;
			target = 1FDD120F1D8A4C80008F3E44 /* MyBilibili */;
			targetProxy = 1FDD12351D8A4C81008F3E44 /* PBXContainerItemProxy */;
		};
/* End PBXTargetDependency section */

/* Begin PBXVariantGroup section */
		1FDD121C1D8A4C81008F3E44 /* Main.storyboard */ = {
			isa = PBXVariantGroup;
			children = (
				1FDD121D1D8A4C81008F3E44 /* Base */,
			);
			name = Main.storyboard;
			sourceTree = "<group>";
		};
		1FDD12211D8A4C81008F3E44 /* LaunchScreen.storyboard */ = {
			isa = PBXVariantGroup;
			children = (
				1FDD12221D8A4C81008F3E44 /* Base */,
			);
			name = LaunchScreen.storyboard;
			sourceTree = "<group>";
		};
/* End PBXVariantGroup section */

/* Begin XCBuildConfiguration section */
		1FDD123B1D8A4C81008F3E44 /* Debug */ = {
			isa = XCBuildConfiguration;
			buildSettings = {
				ALWAYS_SEARCH_USER_PATHS = NO;
				CLANG_ANALYZER_NONNULL = YES;
				CLANG_CXX_LANGUAGE_STANDARD = "gnu++0x";
				CLANG_CXX_LIBRARY = "libc++";
				CLANG_ENABLE_MODULES = YES;
				CLANG_ENABLE_OBJC_ARC = YES;
				CLANG_WARN_BOOL_CONVERSION = YES;
				CLANG_WARN_CONSTANT_CONVERSION = YES;
				CLANG_WARN_DIRECT_OBJC_ISA_USAGE = YES_ERROR;
				CLANG_WARN_EMPTY_BODY = YES;
				CLANG_WARN_ENUM_CONVERSION = YES;
				CLANG_WARN_INT_CONVERSION = YES;
				CLANG_WARN_OBJC_ROOT_CLASS = YES_ERROR;
				CLANG_WARN_UNREACHABLE_CODE = YES;
				CLANG_WARN__DUPLICATE_METHOD_MATCH = YES;
				"CODE_SIGN_IDENTITY[sdk=iphoneos*]" = "iPhone Developer";
				COPY_PHASE_STRIP = NO;
				DEBUG_INFORMATION_FORMAT = dwarf;
				ENABLE_STRICT_OBJC_MSGSEND = YES;
				ENABLE_TESTABILITY = YES;
				GCC_C_LANGUAGE_STANDARD = gnu99;
				GCC_DYNAMIC_NO_PIC = NO;
				GCC_NO_COMMON_BLOCKS = YES;
				GCC_OPTIMIZATION_LEVEL = 0;
				GCC_PREPROCESSOR_DEFINITIONS = (
					"DEBUG=1",
					"$(inherited)",
				);
				GCC_WARN_64_TO_32_BIT_CONVERSION = YES;
				GCC_WARN_ABOUT_RETURN_TYPE = YES_ERROR;
				GCC_WARN_UNDECLARED_SELECTOR = YES;
				GCC_WARN_UNINITIALIZED_AUTOS = YES_AGGRESSIVE;
				GCC_WARN_UNUSED_FUNCTION = YES;
				GCC_WARN_UNUSED_VARIABLE = YES;
				IPHONEOS_DEPLOYMENT_TARGET = 9.3;
				MTL_ENABLE_DEBUG_INFO = YES;
				ONLY_ACTIVE_ARCH = YES;
				SDKROOT = iphoneos;
			};
			name = Debug;
		};
		1FDD123C1D8A4C81008F3E44 /* Release */ = {
			isa = XCBuildConfiguration;
			buildSettings = {
				ALWAYS_SEARCH_USER_PATHS = NO;
				CLANG_ANALYZER_NONNULL = YES;
				CLANG_CXX_LANGUAGE_STANDARD = "gnu++0x";
				CLANG_CXX_LIBRARY = "libc++";
				CLANG_ENABLE_MODULES = YES;
				CLANG_ENABLE_OBJC_ARC = YES;
				CLANG_WARN_BOOL_CONVERSION = YES;
				CLANG_WARN_CONSTANT_CONVERSION = YES;
				CLANG_WARN_DIRECT_OBJC_ISA_USAGE = YES_ERROR;
				CLANG_WARN_EMPTY_BODY = YES;
				CLANG_WARN_ENUM_CONVERSION = YES;
				CLANG_WARN_INT_CONVERSION = YES;
				CLANG_WARN_OBJC_ROOT_CLASS = YES_ERROR;
				CLANG_WARN_UNREACHABLE_CODE = YES;
				CLANG_WARN__DUPLICATE_METHOD_MATCH = YES;
				"CODE_SIGN_IDENTITY[sdk=iphoneos*]" = "iPhone Developer";
				COPY_PHASE_STRIP = NO;
				DEBUG_INFORMATION_FORMAT = "dwarf-with-dsym";
				ENABLE_NS_ASSERTIONS = NO;
				ENABLE_STRICT_OBJC_MSGSEND = YES;
				GCC_C_LANGUAGE_STANDARD = gnu99;
				GCC_NO_COMMON_BLOCKS = YES;
				GCC_WARN_64_TO_32_BIT_CONVERSION = YES;
				GCC_WARN_ABOUT_RETURN_TYPE = YES_ERROR;
				GCC_WARN_UNDECLARED_SELECTOR = YES;
				GCC_WARN_UNINITIALIZED_AUTOS = YES_AGGRESSIVE;
				GCC_WARN_UNUSED_FUNCTION = YES;
				GCC_WARN_UNUSED_VARIABLE = YES;
				IPHONEOS_DEPLOYMENT_TARGET = 9.3;
				MTL_ENABLE_DEBUG_INFO = NO;
				SDKROOT = iphoneos;
				VALIDATE_PRODUCT = YES;
			};
			name = Release;
		};
		1FDD123E1D8A4C81008F3E44 /* Debug */ = {
			isa = XCBuildConfiguration;
			baseConfigurationReference = 809B9314D6E95A6DD80885D0 /* Pods-MyBilibili.debug.xcconfig */;
			buildSettings = {
				ASSETCATALOG_COMPILER_APPICON_NAME = AppIcon;
				CODE_SIGN_IDENTITY = "iPhone Developer";
				"CODE_SIGN_IDENTITY[sdk=iphoneos*]" = "iPhone Developer";
				DEVELOPMENT_TEAM = CHX656NT89;
				GCC_PREFIX_HEADER = MyBilibili/MyBilibiliPrefixHeader.pch;
				INFOPLIST_FILE = MyBilibili/Info.plist;
				IPHONEOS_DEPLOYMENT_TARGET = 8.0;
				LD_RUNPATH_SEARCH_PATHS = "$(inherited) @executable_path/Frameworks";
				PRODUCT_BUNDLE_IDENTIFIER = Mine.MyBilibili;
				PRODUCT_NAME = "$(TARGET_NAME)";
				PROVISIONING_PROFILE = "";
				PROVISIONING_PROFILE_SPECIFIER = "";
			};
			name = Debug;
		};
		1FDD123F1D8A4C81008F3E44 /* Release */ = {
			isa = XCBuildConfiguration;
			baseConfigurationReference = 5755CAA0C952DEFE6F65CE8E /* Pods-MyBilibili.release.xcconfig */;
			buildSettings = {
				ASSETCATALOG_COMPILER_APPICON_NAME = AppIcon;
				CODE_SIGN_IDENTITY = "iPhone Developer";
				"CODE_SIGN_IDENTITY[sdk=iphoneos*]" = "iPhone Developer";
				DEVELOPMENT_TEAM = CHX656NT89;
				GCC_PREFIX_HEADER = MyBilibili/MyBilibiliPrefixHeader.pch;
				INFOPLIST_FILE = MyBilibili/Info.plist;
				IPHONEOS_DEPLOYMENT_TARGET = 8.0;
				LD_RUNPATH_SEARCH_PATHS = "$(inherited) @executable_path/Frameworks";
				PRODUCT_BUNDLE_IDENTIFIER = Mine.MyBilibili;
				PRODUCT_NAME = "$(TARGET_NAME)";
			};
			name = Release;
		};
		1FDD12411D8A4C81008F3E44 /* Debug */ = {
			isa = XCBuildConfiguration;
			buildSettings = {
				BUNDLE_LOADER = "$(TEST_HOST)";
				INFOPLIST_FILE = MyBilibiliTests/Info.plist;
				LD_RUNPATH_SEARCH_PATHS = "$(inherited) @executable_path/Frameworks @loader_path/Frameworks";
				PRODUCT_BUNDLE_IDENTIFIER = Mine.MyBilibiliTests;
				PRODUCT_NAME = "$(TARGET_NAME)";
				TEST_HOST = "$(BUILT_PRODUCTS_DIR)/MyBilibili.app/MyBilibili";
			};
			name = Debug;
		};
		1FDD12421D8A4C81008F3E44 /* Release */ = {
			isa = XCBuildConfiguration;
			buildSettings = {
				BUNDLE_LOADER = "$(TEST_HOST)";
				INFOPLIST_FILE = MyBilibiliTests/Info.plist;
				LD_RUNPATH_SEARCH_PATHS = "$(inherited) @executable_path/Frameworks @loader_path/Frameworks";
				PRODUCT_BUNDLE_IDENTIFIER = Mine.MyBilibiliTests;
				PRODUCT_NAME = "$(TARGET_NAME)";
				TEST_HOST = "$(BUILT_PRODUCTS_DIR)/MyBilibili.app/MyBilibili";
			};
			name = Release;
		};
		1FDD12441D8A4C81008F3E44 /* Debug */ = {
			isa = XCBuildConfiguration;
			buildSettings = {
				INFOPLIST_FILE = MyBilibiliUITests/Info.plist;
				LD_RUNPATH_SEARCH_PATHS = "$(inherited) @executable_path/Frameworks @loader_path/Frameworks";
				PRODUCT_BUNDLE_IDENTIFIER = Mine.MyBilibiliUITests;
				PRODUCT_NAME = "$(TARGET_NAME)";
				TEST_TARGET_NAME = MyBilibili;
			};
			name = Debug;
		};
		1FDD12451D8A4C81008F3E44 /* Release */ = {
			isa = XCBuildConfiguration;
			buildSettings = {
				INFOPLIST_FILE = MyBilibiliUITests/Info.plist;
				LD_RUNPATH_SEARCH_PATHS = "$(inherited) @executable_path/Frameworks @loader_path/Frameworks";
				PRODUCT_BUNDLE_IDENTIFIER = Mine.MyBilibiliUITests;
				PRODUCT_NAME = "$(TARGET_NAME)";
				TEST_TARGET_NAME = MyBilibili;
			};
			name = Release;
		};
/* End XCBuildConfiguration section */

/* Begin XCConfigurationList section */
		1FDD120B1D8A4C80008F3E44 /* Build configuration list for PBXProject "MyBilibili" */ = {
			isa = XCConfigurationList;
			buildConfigurations = (
				1FDD123B1D8A4C81008F3E44 /* Debug */,
				1FDD123C1D8A4C81008F3E44 /* Release */,
			);
			defaultConfigurationIsVisible = 0;
			defaultConfigurationName = Release;
		};
		1FDD123D1D8A4C81008F3E44 /* Build configuration list for PBXNativeTarget "MyBilibili" */ = {
			isa = XCConfigurationList;
			buildConfigurations = (
				1FDD123E1D8A4C81008F3E44 /* Debug */,
				1FDD123F1D8A4C81008F3E44 /* Release */,
			);
			defaultConfigurationIsVisible = 0;
			defaultConfigurationName = Release;
		};
		1FDD12401D8A4C81008F3E44 /* Build configuration list for PBXNativeTarget "MyBilibiliTests" */ = {
			isa = XCConfigurationList;
			buildConfigurations = (
				1FDD12411D8A4C81008F3E44 /* Debug */,
				1FDD12421D8A4C81008F3E44 /* Release */,
			);
			defaultConfigurationIsVisible = 0;
			defaultConfigurationName = Release;
		};
		1FDD12431D8A4C81008F3E44 /* Build configuration list for PBXNativeTarget "MyBilibiliUITests" */ = {
			isa = XCConfigurationList;
			buildConfigurations = (
				1FDD12441D8A4C81008F3E44 /* Debug */,
				1FDD12451D8A4C81008F3E44 /* Release */,
			);
			defaultConfigurationIsVisible = 0;
			defaultConfigurationName = Release;
		};
/* End XCConfigurationList section */
	};
	rootObject = 1FDD12081D8A4C80008F3E44 /* Project object */;
}
